// !$*UTF8*$!
{
	archiveVersion = 1;
	classes = {
	};
	objectVersion = 50;
	objects = {

/* Begin PBXBuildFile section */
		B100769624F8C9A3002C4ACC /* NetworkRequestTask.swift in Sources */ = {isa = PBXBuildFile; fileRef = B100769524F8C9A3002C4ACC /* NetworkRequestTask.swift */; };
		B100769824F8CA17002C4ACC /* RequestHelper.swift in Sources */ = {isa = PBXBuildFile; fileRef = B100769724F8CA17002C4ACC /* RequestHelper.swift */; };
		B100769B24F8D3BE002C4ACC /* Plant.swift in Sources */ = {isa = PBXBuildFile; fileRef = B100769A24F8D3BE002C4ACC /* Plant.swift */; };
		B100769D24F8D4D0002C4ACC /* NetworkExtension.swift in Sources */ = {isa = PBXBuildFile; fileRef = B100769C24F8D4D0002C4ACC /* NetworkExtension.swift */; };
		B1892A1524F7ABD800B55215 /* AppDelegate.swift in Sources */ = {isa = PBXBuildFile; fileRef = B1892A1424F7ABD800B55215 /* AppDelegate.swift */; };
		B1892A1724F7ABD800B55215 /* SceneDelegate.swift in Sources */ = {isa = PBXBuildFile; fileRef = B1892A1624F7ABD800B55215 /* SceneDelegate.swift */; };
		B1892A1924F7ABD800B55215 /* ViewController.swift in Sources */ = {isa = PBXBuildFile; fileRef = B1892A1824F7ABD800B55215 /* ViewController.swift */; };
		B1892A1C24F7ABD800B55215 /* Main.storyboard in Resources */ = {isa = PBXBuildFile; fileRef = B1892A1A24F7ABD800B55215 /* Main.storyboard */; };
		B1892A1E24F7ABDB00B55215 /* Assets.xcassets in Resources */ = {isa = PBXBuildFile; fileRef = B1892A1D24F7ABDB00B55215 /* Assets.xcassets */; };
		B1892A2124F7ABDB00B55215 /* LaunchScreen.storyboard in Resources */ = {isa = PBXBuildFile; fileRef = B1892A1F24F7ABDB00B55215 /* LaunchScreen.storyboard */; };
		B1892A2B24F7ACDA00B55215 /* RestfulAPI.swift in Sources */ = {isa = PBXBuildFile; fileRef = B1892A2A24F7ACDA00B55215 /* RestfulAPI.swift */; };
		B1892A2D24F7ACEF00B55215 /* RestfulRequestModel.swift in Sources */ = {isa = PBXBuildFile; fileRef = B1892A2C24F7ACEF00B55215 /* RestfulRequestModel.swift */; };
/* End PBXBuildFile section */

/* Begin PBXFileReference section */
		B100769524F8C9A3002C4ACC /* NetworkRequestTask.swift */ = {isa = PBXFileReference; lastKnownFileType = sourcecode.swift; path = NetworkRequestTask.swift; sourceTree = "<group>"; };
		B100769724F8CA17002C4ACC /* RequestHelper.swift */ = {isa = PBXFileReference; lastKnownFileType = sourcecode.swift; path = RequestHelper.swift; sourceTree = "<group>"; };
		B100769A24F8D3BE002C4ACC /* Plant.swift */ = {isa = PBXFileReference; lastKnownFileType = sourcecode.swift; path = Plant.swift; sourceTree = "<group>"; };
		B100769C24F8D4D0002C4ACC /* NetworkExtension.swift */ = {isa = PBXFileReference; lastKnownFileType = sourcecode.swift; path = NetworkExtension.swift; sourceTree = "<group>"; };
		B1892A1124F7ABD800B55215 /* FIT5140-assignment1.app */ = {isa = PBXFileReference; explicitFileType = wrapper.application; includeInIndex = 0; path = "FIT5140-assignment1.app"; sourceTree = BUILT_PRODUCTS_DIR; };
		B1892A1424F7ABD800B55215 /* AppDelegate.swift */ = {isa = PBXFileReference; lastKnownFileType = sourcecode.swift; path = AppDelegate.swift; sourceTree = "<group>"; };
		B1892A1624F7ABD800B55215 /* SceneDelegate.swift */ = {isa = PBXFileReference; lastKnownFileType = sourcecode.swift; path = SceneDelegate.swift; sourceTree = "<group>"; };
		B1892A1824F7ABD800B55215 /* ViewController.swift */ = {isa = PBXFileReference; lastKnownFileType = sourcecode.swift; path = ViewController.swift; sourceTree = "<group>"; };
		B1892A1B24F7ABD800B55215 /* Base */ = {isa = PBXFileReference; lastKnownFileType = file.storyboard; name = Base; path = Base.lproj/Main.storyboard; sourceTree = "<group>"; };
		B1892A1D24F7ABDB00B55215 /* Assets.xcassets */ = {isa = PBXFileReference; lastKnownFileType = folder.assetcatalog; path = Assets.xcassets; sourceTree = "<group>"; };
		B1892A2024F7ABDB00B55215 /* Base */ = {isa = PBXFileReference; lastKnownFileType = file.storyboard; name = Base; path = Base.lproj/LaunchScreen.storyboard; sourceTree = "<group>"; };
		B1892A2224F7ABDB00B55215 /* Info.plist */ = {isa = PBXFileReference; lastKnownFileType = text.plist.xml; path = Info.plist; sourceTree = "<group>"; };
		B1892A2A24F7ACDA00B55215 /* RestfulAPI.swift */ = {isa = PBXFileReference; lastKnownFileType = sourcecode.swift; path = RestfulAPI.swift; sourceTree = "<group>"; };
		B1892A2C24F7ACEF00B55215 /* RestfulRequestModel.swift */ = {isa = PBXFileReference; lastKnownFileType = sourcecode.swift; path = RestfulRequestModel.swift; sourceTree = "<group>"; };
/* End PBXFileReference section */

/* Begin PBXFrameworksBuildPhase section */
		B1892A0E24F7ABD800B55215 /* Frameworks */ = {
			isa = PBXFrameworksBuildPhase;
			buildActionMask = 2147483647;
			files = (
			);
			runOnlyForDeploymentPostprocessing = 0;
		};
/* End PBXFrameworksBuildPhase section */

/* Begin PBXGroup section */
		B100769924F8D3B1002C4ACC /* RequestModel */ = {
			isa = PBXGroup;
			children = (
				B100769A24F8D3BE002C4ACC /* Plant.swift */,
			);
			path = RequestModel;
			sourceTree = "<group>";
		};
		B1892A0824F7ABD800B55215 = {
			isa = PBXGroup;
			children = (
				B1892A1324F7ABD800B55215 /* FIT5140-assignment1 */,
				B1892A1224F7ABD800B55215 /* Products */,
			);
			sourceTree = "<group>";
		};
		B1892A1224F7ABD800B55215 /* Products */ = {
			isa = PBXGroup;
			children = (
				B1892A1124F7ABD800B55215 /* FIT5140-assignment1.app */,
			);
			name = Products;
			sourceTree = "<group>";
		};
		B1892A1324F7ABD800B55215 /* FIT5140-assignment1 */ = {
			isa = PBXGroup;
			children = (
				B1892A2824F7AC0200B55215 /* Network */,
				B1892A1424F7ABD800B55215 /* AppDelegate.swift */,
				B1892A1624F7ABD800B55215 /* SceneDelegate.swift */,
				B1892A1824F7ABD800B55215 /* ViewController.swift */,
				B1892A1A24F7ABD800B55215 /* Main.storyboard */,
				B1892A1D24F7ABDB00B55215 /* Assets.xcassets */,
				B1892A1F24F7ABDB00B55215 /* LaunchScreen.storyboard */,
				B1892A2224F7ABDB00B55215 /* Info.plist */,
			);
			path = "FIT5140-assignment1";
			sourceTree = "<group>";
		};
		B1892A2824F7AC0200B55215 /* Network */ = {
			isa = PBXGroup;
			children = (
				B100769924F8D3B1002C4ACC /* RequestModel */,
				B1892A2924F7AC6E00B55215 /* Protocols */,
				B100769524F8C9A3002C4ACC /* NetworkRequestTask.swift */,
				B100769724F8CA17002C4ACC /* RequestHelper.swift */,
				B100769C24F8D4D0002C4ACC /* NetworkExtension.swift */,
			);
			path = Network;
			sourceTree = "<group>";
		};
		B1892A2924F7AC6E00B55215 /* Protocols */ = {
			isa = PBXGroup;
			children = (
				B1892A2C24F7ACEF00B55215 /* RestfulRequestModel.swift */,
				B1892A2A24F7ACDA00B55215 /* RestfulAPI.swift */,
			);
			path = Protocols;
			sourceTree = "<group>";
		};
/* End PBXGroup section */

/* Begin PBXNativeTarget section */
		B1892A1024F7ABD800B55215 /* FIT5140-assignment1 */ = {
			isa = PBXNativeTarget;
			buildConfigurationList = B1892A2524F7ABDB00B55215 /* Build configuration list for PBXNativeTarget "FIT5140-assignment1" */;
			buildPhases = (
				B1892A0D24F7ABD800B55215 /* Sources */,
				B1892A0E24F7ABD800B55215 /* Frameworks */,
				B1892A0F24F7ABD800B55215 /* Resources */,
			);
			buildRules = (
			);
			dependencies = (
			);
			name = "FIT5140-assignment1";
			productName = "FIT5140-assignment1";
			productReference = B1892A1124F7ABD800B55215 /* FIT5140-assignment1.app */;
			productType = "com.apple.product-type.application";
		};
/* End PBXNativeTarget section */

/* Begin PBXProject section */
		B1892A0924F7ABD800B55215 /* Project object */ = {
			isa = PBXProject;
			attributes = {
				LastSwiftUpdateCheck = 1160;
				LastUpgradeCheck = 1160;
				ORGANIZATIONNAME = sunkai;
				TargetAttributes = {
					B1892A1024F7ABD800B55215 = {
						CreatedOnToolsVersion = 11.6;
					};
				};
			};
			buildConfigurationList = B1892A0C24F7ABD800B55215 /* Build configuration list for PBXProject "FIT5140-assignment1" */;
			compatibilityVersion = "Xcode 9.3";
			developmentRegion = en;
			hasScannedForEncodings = 0;
			knownRegions = (
				en,
				Base,
			);
			mainGroup = B1892A0824F7ABD800B55215;
			productRefGroup = B1892A1224F7ABD800B55215 /* Products */;
			projectDirPath = "";
			projectRoot = "";
			targets = (
				B1892A1024F7ABD800B55215 /* FIT5140-assignment1 */,
			);
		};
/* End PBXProject section */

/* Begin PBXResourcesBuildPhase section */
		B1892A0F24F7ABD800B55215 /* Resources */ = {
			isa = PBXResourcesBuildPhase;
			buildActionMask = 2147483647;
			files = (
				B1892A2124F7ABDB00B55215 /* LaunchScreen.storyboard in Resources */,
				B1892A1E24F7ABDB00B55215 /* Assets.xcassets in Resources */,
				B1892A1C24F7ABD800B55215 /* Main.storyboard in Resources */,
			);
			runOnlyForDeploymentPostprocessing = 0;
		};
/* End PBXResourcesBuildPhase section */

/* Begin PBXSourcesBuildPhase section */
		B1892A0D24F7ABD800B55215 /* Sources */ = {
			isa = PBXSourcesBuildPhase;
			buildActionMask = 2147483647;
			files = (
				B1892A1924F7ABD800B55215 /* ViewController.swift in Sources */,
				B1892A1524F7ABD800B55215 /* AppDelegate.swift in Sources */,
				B100769D24F8D4D0002C4ACC /* NetworkExtension.swift in Sources */,
				B1892A2B24F7ACDA00B55215 /* RestfulAPI.swift in Sources */,
				B100769624F8C9A3002C4ACC /* NetworkRequestTask.swift in Sources */,
				B1892A2D24F7ACEF00B55215 /* RestfulRequestModel.swift in Sources */,
				B100769B24F8D3BE002C4ACC /* Plant.swift in Sources */,
				B1892A1724F7ABD800B55215 /* SceneDelegate.swift in Sources */,
				B100769824F8CA17002C4ACC /* RequestHelper.swift in Sources */,
			);
			runOnlyForDeploymentPostprocessing = 0;
		};
/* End PBXSourcesBuildPhase section */

/* Begin PBXVariantGroup section */
		B1892A1A24F7ABD800B55215 /* Main.storyboard */ = {
			isa = PBXVariantGroup;
			children = (
				B1892A1B24F7ABD800B55215 /* Base */,
			);
			name = Main.storyboard;
			sourceTree = "<group>";
		};
		B1892A1F24F7ABDB00B55215 /* LaunchScreen.storyboard */ = {
			isa = PBXVariantGroup;
			children = (
				B1892A2024F7ABDB00B55215 /* Base */,
			);
			name = LaunchScreen.storyboard;
			sourceTree = "<group>";
		};
/* End PBXVariantGroup section */

/* Begin XCBuildConfiguration section */
		B1892A2324F7ABDB00B55215 /* Debug */ = {
			isa = XCBuildConfiguration;
			buildSettings = {
				ALWAYS_SEARCH_USER_PATHS = NO;
				CLANG_ANALYZER_NONNULL = YES;
				CLANG_ANALYZER_NUMBER_OBJECT_CONVERSION = YES_AGGRESSIVE;
				CLANG_CXX_LANGUAGE_STANDARD = "gnu++14";
				CLANG_CXX_LIBRARY = "libc++";
				CLANG_ENABLE_MODULES = YES;
				CLANG_ENABLE_OBJC_ARC = YES;
				CLANG_ENABLE_OBJC_WEAK = YES;
				CLANG_WARN_BLOCK_CAPTURE_AUTORELEASING = YES;
				CLANG_WARN_BOOL_CONVERSION = YES;
				CLANG_WARN_COMMA = YES;
				CLANG_WARN_CONSTANT_CONVERSION = YES;
				CLANG_WARN_DEPRECATED_OBJC_IMPLEMENTATIONS = YES;
				CLANG_WARN_DIRECT_OBJC_ISA_USAGE = YES_ERROR;
				CLANG_WARN_DOCUMENTATION_COMMENTS = YES;
				CLANG_WARN_EMPTY_BODY = YES;
				CLANG_WARN_ENUM_CONVERSION = YES;
				CLANG_WARN_INFINITE_RECURSION = YES;
				CLANG_WARN_INT_CONVERSION = YES;
				CLANG_WARN_NON_LITERAL_NULL_CONVERSION = YES;
				CLANG_WARN_OBJC_IMPLICIT_RETAIN_SELF = YES;
				CLANG_WARN_OBJC_LITERAL_CONVERSION = YES;
				CLANG_WARN_OBJC_ROOT_CLASS = YES_ERROR;
				CLANG_WARN_RANGE_LOOP_ANALYSIS = YES;
				CLANG_WARN_STRICT_PROTOTYPES = YES;
				CLANG_WARN_SUSPICIOUS_MOVE = YES;
				CLANG_WARN_UNGUARDED_AVAILABILITY = YES_AGGRESSIVE;
				CLANG_WARN_UNREACHABLE_CODE = YES;
				CLANG_WARN__DUPLICATE_METHOD_MATCH = YES;
				COPY_PHASE_STRIP = NO;
				DEBUG_INFORMATION_FORMAT = dwarf;
				ENABLE_STRICT_OBJC_MSGSEND = YES;
				ENABLE_TESTABILITY = YES;
				GCC_C_LANGUAGE_STANDARD = gnu11;
				GCC_DYNAMIC_NO_PIC = NO;
				GCC_NO_COMMON_BLOCKS = YES;
				GCC_OPTIMIZATION_LEVEL = 0;
				GCC_PREPROCESSOR_DEFINITIONS = (
					"DEBUG=1",
					"$(inherited)",
				);
				GCC_WARN_64_TO_32_BIT_CONVERSION = YES;
				GCC_WARN_ABOUT_RETURN_TYPE = YES_ERROR;
				GCC_WARN_UNDECLARED_SELECTOR = YES;
				GCC_WARN_UNINITIALIZED_AUTOS = YES_AGGRESSIVE;
				GCC_WARN_UNUSED_FUNCTION = YES;
				GCC_WARN_UNUSED_VARIABLE = YES;
				IPHONEOS_DEPLOYMENT_TARGET = 13.6;
				MTL_ENABLE_DEBUG_INFO = INCLUDE_SOURCE;
				MTL_FAST_MATH = YES;
				ONLY_ACTIVE_ARCH = YES;
				SDKROOT = iphoneos;
				SWIFT_ACTIVE_COMPILATION_CONDITIONS = DEBUG;
				SWIFT_OPTIMIZATION_LEVEL = "-Onone";
			};
			name = Debug;
		};
		B1892A2424F7ABDB00B55215 /* Release */ = {
			isa = XCBuildConfiguration;
			buildSettings = {
				ALWAYS_SEARCH_USER_PATHS = NO;
				CLANG_ANALYZER_NONNULL = YES;
				CLANG_ANALYZER_NUMBER_OBJECT_CONVERSION = YES_AGGRESSIVE;
				CLANG_CXX_LANGUAGE_STANDARD = "gnu++14";
				CLANG_CXX_LIBRARY = "libc++";
				CLANG_ENABLE_MODULES = YES;
				CLANG_ENABLE_OBJC_ARC = YES;
				CLANG_ENABLE_OBJC_WEAK = YES;
				CLANG_WARN_BLOCK_CAPTURE_AUTORELEASING = YES;
				CLANG_WARN_BOOL_CONVERSION = YES;
				CLANG_WARN_COMMA = YES;
				CLANG_WARN_CONSTANT_CONVERSION = YES;
				CLANG_WARN_DEPRECATED_OBJC_IMPLEMENTATIONS = YES;
				CLANG_WARN_DIRECT_OBJC_ISA_USAGE = YES_ERROR;
				CLANG_WARN_DOCUMENTATION_COMMENTS = YES;
				CLANG_WARN_EMPTY_BODY = YES;
				CLANG_WARN_ENUM_CONVERSION = YES;
				CLANG_WARN_INFINITE_RECURSION = YES;
				CLANG_WARN_INT_CONVERSION = YES;
				CLANG_WARN_NON_LITERAL_NULL_CONVERSION = YES;
				CLANG_WARN_OBJC_IMPLICIT_RETAIN_SELF = YES;
				CLANG_WARN_OBJC_LITERAL_CONVERSION = YES;
				CLANG_WARN_OBJC_ROOT_CLASS = YES_ERROR;
				CLANG_WARN_RANGE_LOOP_ANALYSIS = YES;
				CLANG_WARN_STRICT_PROTOTYPES = YES;
				CLANG_WARN_SUSPICIOUS_MOVE = YES;
				CLANG_WARN_UNGUARDED_AVAILABILITY = YES_AGGRESSIVE;
				CLANG_WARN_UNREACHABLE_CODE = YES;
				CLANG_WARN__DUPLICATE_METHOD_MATCH = YES;
				COPY_PHASE_STRIP = NO;
				DEBUG_INFORMATION_FORMAT = "dwarf-with-dsym";
				ENABLE_NS_ASSERTIONS = NO;
				ENABLE_STRICT_OBJC_MSGSEND = YES;
				GCC_C_LANGUAGE_STANDARD = gnu11;
				GCC_NO_COMMON_BLOCKS = YES;
				GCC_WARN_64_TO_32_BIT_CONVERSION = YES;
				GCC_WARN_ABOUT_RETURN_TYPE = YES_ERROR;
				GCC_WARN_UNDECLARED_SELECTOR = YES;
				GCC_WARN_UNINITIALIZED_AUTOS = YES_AGGRESSIVE;
				GCC_WARN_UNUSED_FUNCTION = YES;
				GCC_WARN_UNUSED_VARIABLE = YES;
				IPHONEOS_DEPLOYMENT_TARGET = 13.6;
				MTL_ENABLE_DEBUG_INFO = NO;
				MTL_FAST_MATH = YES;
				SDKROOT = iphoneos;
				SWIFT_COMPILATION_MODE = wholemodule;
				SWIFT_OPTIMIZATION_LEVEL = "-O";
				VALIDATE_PRODUCT = YES;
			};
			name = Release;
		};
		B1892A2624F7ABDB00B55215 /* Debug */ = {
			isa = XCBuildConfiguration;
			buildSettings = {
				ASSETCATALOG_COMPILER_APPICON_NAME = AppIcon;
				CODE_SIGN_STYLE = Automatic;
				INFOPLIST_FILE = "FIT5140-assignment1/Info.plist";
				LD_RUNPATH_SEARCH_PATHS = (
					"$(inherited)",
					"@executable_path/Frameworks",
				);
				PRODUCT_BUNDLE_IDENTIFIER = "com.datong.FIT5140-assignment1";
				PRODUCT_NAME = "$(TARGET_NAME)";
				SWIFT_VERSION = 5.0;
				TARGETED_DEVICE_FAMILY = "1,2";
			};
			name = Debug;
		};
		B1892A2724F7ABDB00B55215 /* Release */ = {
			isa = XCBuildConfiguration;
			buildSettings = {
				ASSETCATALOG_COMPILER_APPICON_NAME = AppIcon;
				CODE_SIGN_STYLE = Automatic;
				INFOPLIST_FILE = "FIT5140-assignment1/Info.plist";
				LD_RUNPATH_SEARCH_PATHS = (
					"$(inherited)",
					"@executable_path/Frameworks",
				);
				PRODUCT_BUNDLE_IDENTIFIER = "com.datong.FIT5140-assignment1";
				PRODUCT_NAME = "$(TARGET_NAME)";
				SWIFT_VERSION = 5.0;
				TARGETED_DEVICE_FAMILY = "1,2";
			};
			name = Release;
		};
/* End XCBuildConfiguration section */

/* Begin XCConfigurationList section */
		B1892A0C24F7ABD800B55215 /* Build configuration list for PBXProject "FIT5140-assignment1" */ = {
			isa = XCConfigurationList;
			buildConfigurations = (
				B1892A2324F7ABDB00B55215 /* Debug */,
				B1892A2424F7ABDB00B55215 /* Release */,
			);
			defaultConfigurationIsVisible = 0;
			defaultConfigurationName = Release;
		};
		B1892A2524F7ABDB00B55215 /* Build configuration list for PBXNativeTarget "FIT5140-assignment1" */ = {
			isa = XCConfigurationList;
			buildConfigurations = (
				B1892A2624F7ABDB00B55215 /* Debug */,
				B1892A2724F7ABDB00B55215 /* Release */,
			);
			defaultConfigurationIsVisible = 0;
			defaultConfigurationName = Release;
		};
/* End XCConfigurationList section */
	};
	rootObject = B1892A0924F7ABD800B55215 /* Project object */;
}
