// !$*UTF8*$!
{
	archiveVersion = 1;
	classes = {
	};
	objectVersion = 50;
	objects = {

/* Begin PBXBuildFile section */
		B100769624F8C9A3002C4ACC /* NetworkRequestTask.swift in Sources */ = {isa = PBXBuildFile; fileRef = B100769524F8C9A3002C4ACC /* NetworkRequestTask.swift */; };
		B100769824F8CA17002C4ACC /* RequestHelper.swift in Sources */ = {isa = PBXBuildFile; fileRef = B100769724F8CA17002C4ACC /* RequestHelper.swift */; };
		B100769B24F8D3BE002C4ACC /* SearchPlantRequest.swift in Sources */ = {isa = PBXBuildFile; fileRef = B100769A24F8D3BE002C4ACC /* SearchPlantRequest.swift */; };
		B100769D24F8D4D0002C4ACC /* NetworkExtension.swift in Sources */ = {isa = PBXBuildFile; fileRef = B100769C24F8D4D0002C4ACC /* NetworkExtension.swift */; };
		B10076A324FB28BF002C4ACC /* ExhibitionDatabaseProtocol.swift in Sources */ = {isa = PBXBuildFile; fileRef = B10076A224FB28BE002C4ACC /* ExhibitionDatabaseProtocol.swift */; };
		B101DC652512438700322303 /* SearchPlantTableViewCell.swift in Sources */ = {isa = PBXBuildFile; fileRef = B101DC642512438700322303 /* SearchPlantTableViewCell.swift */; };
		B101DC69251248CC00322303 /* AltertController.swift in Sources */ = {isa = PBXBuildFile; fileRef = B101DC68251248CC00322303 /* AltertController.swift */; };
		B101DC6B25124C3600322303 /* ExhibitionSelectedProtocol.swift in Sources */ = {isa = PBXBuildFile; fileRef = B101DC6A25124C3600322303 /* ExhibitionSelectedProtocol.swift */; };
		B13D8AA62501EE77006B9238 /* ExhibitsLocationAnnotation.swift in Sources */ = {isa = PBXBuildFile; fileRef = B13D8AA52501EE77006B9238 /* ExhibitsLocationAnnotation.swift */; };
		B13D8AA82501EF58006B9238 /* ExhibitLocationHelper.swift in Sources */ = {isa = PBXBuildFile; fileRef = B13D8AA72501EF58006B9238 /* ExhibitLocationHelper.swift */; };
		B13D8AAB25020DFC006B9238 /* HomeViewController.swift in Sources */ = {isa = PBXBuildFile; fileRef = B13D8AAA25020DFC006B9238 /* HomeViewController.swift */; };
		B1437B002507025300E9BC0E /* ImageHelper.swift in Sources */ = {isa = PBXBuildFile; fileRef = B1437AFF2507025300E9BC0E /* ImageHelper.swift */; };
		B1437B022507078700E9BC0E /* AllExhibitionTableViewController.swift in Sources */ = {isa = PBXBuildFile; fileRef = B1437B012507078700E9BC0E /* AllExhibitionTableViewController.swift */; };
		B1437B0425070DFD00E9BC0E /* ExhibitionDetailViewController.swift in Sources */ = {isa = PBXBuildFile; fileRef = B1437B0325070DFD00E9BC0E /* ExhibitionDetailViewController.swift */; };
		B1437B0725070F1C00E9BC0E /* ExhibitionDataModel.xcdatamodeld in Sources */ = {isa = PBXBuildFile; fileRef = B1437B0525070F1C00E9BC0E /* ExhibitionDataModel.xcdatamodeld */; };
		B1437B0C250710F600E9BC0E /* Exhibition+CoreDataClass.swift in Sources */ = {isa = PBXBuildFile; fileRef = B1437B08250710F600E9BC0E /* Exhibition+CoreDataClass.swift */; };
		B1437B0D250710F600E9BC0E /* Exhibition+CoreDataProperties.swift in Sources */ = {isa = PBXBuildFile; fileRef = B1437B09250710F600E9BC0E /* Exhibition+CoreDataProperties.swift */; };
		B1437B0E250710F600E9BC0E /* Plant+CoreDataClass.swift in Sources */ = {isa = PBXBuildFile; fileRef = B1437B0A250710F600E9BC0E /* Plant+CoreDataClass.swift */; };
		B1437B0F250710F600E9BC0E /* Plant+CoreDataProperties.swift in Sources */ = {isa = PBXBuildFile; fileRef = B1437B0B250710F600E9BC0E /* Plant+CoreDataProperties.swift */; };
		B1437B112507123F00E9BC0E /* ExhibitionCoreDataController.swift in Sources */ = {isa = PBXBuildFile; fileRef = B1437B102507123F00E9BC0E /* ExhibitionCoreDataController.swift */; };
		B1437B13250741C500E9BC0E /* MulticastDelegate.swift in Sources */ = {isa = PBXBuildFile; fileRef = B1437B12250741C500E9BC0E /* MulticastDelegate.swift */; };
		B1437B152507565B00E9BC0E /* AddExhibitionViewController.swift in Sources */ = {isa = PBXBuildFile; fileRef = B1437B142507565B00E9BC0E /* AddExhibitionViewController.swift */; };
		B1437B182507577000E9BC0E /* ExhibitionListTableViewCell.swift in Sources */ = {isa = PBXBuildFile; fileRef = B1437B172507577000E9BC0E /* ExhibitionListTableViewCell.swift */; };
		B146F2EE250F7DF200A3E332 /* AddPlantTableViewController.swift in Sources */ = {isa = PBXBuildFile; fileRef = B146F2ED250F7DF200A3E332 /* AddPlantTableViewController.swift */; };
		B146F2F1250F9BFF00A3E332 /* SearchPlantResponse.swift in Sources */ = {isa = PBXBuildFile; fileRef = B146F2F0250F9BFF00A3E332 /* SearchPlantResponse.swift */; };
		B146F2F3250FB03D00A3E332 /* UIPlant.swift in Sources */ = {isa = PBXBuildFile; fileRef = B146F2F2250FB03D00A3E332 /* UIPlant.swift */; };
		B146F2F52510730900A3E332 /* EditPlantProtocol.swift in Sources */ = {isa = PBXBuildFile; fileRef = B146F2F42510730900A3E332 /* EditPlantProtocol.swift */; };
		B146F2F725108F1C00A3E332 /* ImagePicker.swift in Sources */ = {isa = PBXBuildFile; fileRef = B146F2F625108F1C00A3E332 /* ImagePicker.swift */; };
		B146F2F92510EE0600A3E332 /* MapViewHelpter.swift in Sources */ = {isa = PBXBuildFile; fileRef = B146F2F82510EE0600A3E332 /* MapViewHelpter.swift */; };
		B1892A1524F7ABD800B55215 /* AppDelegate.swift in Sources */ = {isa = PBXBuildFile; fileRef = B1892A1424F7ABD800B55215 /* AppDelegate.swift */; };
		B1892A1724F7ABD800B55215 /* SceneDelegate.swift in Sources */ = {isa = PBXBuildFile; fileRef = B1892A1624F7ABD800B55215 /* SceneDelegate.swift */; };
		B1892A1C24F7ABD800B55215 /* Main.storyboard in Resources */ = {isa = PBXBuildFile; fileRef = B1892A1A24F7ABD800B55215 /* Main.storyboard */; };
		B1892A1E24F7ABDB00B55215 /* Assets.xcassets in Resources */ = {isa = PBXBuildFile; fileRef = B1892A1D24F7ABDB00B55215 /* Assets.xcassets */; };
		B1892A2124F7ABDB00B55215 /* LaunchScreen.storyboard in Resources */ = {isa = PBXBuildFile; fileRef = B1892A1F24F7ABDB00B55215 /* LaunchScreen.storyboard */; };
		B1892A2B24F7ACDA00B55215 /* RestfulAPI.swift in Sources */ = {isa = PBXBuildFile; fileRef = B1892A2A24F7ACDA00B55215 /* RestfulAPI.swift */; };
		B191CA9A25135CD100418D32 /* UITextFieldHelper.swift in Sources */ = {isa = PBXBuildFile; fileRef = B191CA9925135CD100418D32 /* UITextFieldHelper.swift */; };
		B191CA9D2513652F00418D32 /* ToastHelper.swift in Sources */ = {isa = PBXBuildFile; fileRef = B191CA9C2513652F00418D32 /* ToastHelper.swift */; };
		B191CAA125138B9800418D32 /* NotificationHelper.swift in Sources */ = {isa = PBXBuildFile; fileRef = B191CAA025138B9800418D32 /* NotificationHelper.swift */; };
		B1AB5605250E47CD000833D7 /* EditPlantViewController.swift in Sources */ = {isa = PBXBuildFile; fileRef = B1AB5604250E47CD000833D7 /* EditPlantViewController.swift */; };
		B1AB5609250E5FA3000833D7 /* AddExhibitionProtocol.swift in Sources */ = {isa = PBXBuildFile; fileRef = B1AB5608250E5FA3000833D7 /* AddExhibitionProtocol.swift */; };
		B1B89318250C9CDE008E4D6F /* ExhibitionDetailTableViewCell.swift in Sources */ = {isa = PBXBuildFile; fileRef = B1B89317250C9CDE008E4D6F /* ExhibitionDetailTableViewCell.swift */; };
		B1B8931A250C9EB1008E4D6F /* ExhibitionPlantTableViewCell.swift in Sources */ = {isa = PBXBuildFile; fileRef = B1B89319250C9EB1008E4D6F /* ExhibitionPlantTableViewCell.swift */; };
		B1B8931C250CB028008E4D6F /* PlantDetailViewController.swift in Sources */ = {isa = PBXBuildFile; fileRef = B1B8931B250CB028008E4D6F /* PlantDetailViewController.swift */; };
		B1B8931E250D0653008E4D6F /* ImageLoader.swift in Sources */ = {isa = PBXBuildFile; fileRef = B1B8931D250D0653008E4D6F /* ImageLoader.swift */; };
		B1C44C932516259D008EE21D /* EditExhibitionViewController.swift in Sources */ = {isa = PBXBuildFile; fileRef = B1C44C922516259D008EE21D /* EditExhibitionViewController.swift */; };
		B1C44C9625164FC7008EE21D /* EditExhibitionProtocol.swift in Sources */ = {isa = PBXBuildFile; fileRef = B1C44C9525164FC7008EE21D /* EditExhibitionProtocol.swift */; };
		B1C44C992516533B008EE21D /* UIExhibition.swift in Sources */ = {isa = PBXBuildFile; fileRef = B1C44C982516533B008EE21D /* UIExhibition.swift */; };
/* End PBXBuildFile section */

/* Begin PBXFileReference section */
		B100769524F8C9A3002C4ACC /* NetworkRequestTask.swift */ = {isa = PBXFileReference; lastKnownFileType = sourcecode.swift; path = NetworkRequestTask.swift; sourceTree = "<group>"; };
		B100769724F8CA17002C4ACC /* RequestHelper.swift */ = {isa = PBXFileReference; lastKnownFileType = sourcecode.swift; path = RequestHelper.swift; sourceTree = "<group>"; };
		B100769A24F8D3BE002C4ACC /* SearchPlantRequest.swift */ = {isa = PBXFileReference; lastKnownFileType = sourcecode.swift; path = SearchPlantRequest.swift; sourceTree = "<group>"; };
		B100769C24F8D4D0002C4ACC /* NetworkExtension.swift */ = {isa = PBXFileReference; lastKnownFileType = sourcecode.swift; path = NetworkExtension.swift; sourceTree = "<group>"; };
		B10076A224FB28BE002C4ACC /* ExhibitionDatabaseProtocol.swift */ = {isa = PBXFileReference; lastKnownFileType = sourcecode.swift; path = ExhibitionDatabaseProtocol.swift; sourceTree = "<group>"; };
		B101DC642512438700322303 /* SearchPlantTableViewCell.swift */ = {isa = PBXFileReference; lastKnownFileType = sourcecode.swift; path = SearchPlantTableViewCell.swift; sourceTree = "<group>"; };
		B101DC68251248CC00322303 /* AltertController.swift */ = {isa = PBXFileReference; lastKnownFileType = sourcecode.swift; path = AltertController.swift; sourceTree = "<group>"; };
		B101DC6A25124C3600322303 /* ExhibitionSelectedProtocol.swift */ = {isa = PBXFileReference; lastKnownFileType = sourcecode.swift; path = ExhibitionSelectedProtocol.swift; sourceTree = "<group>"; };
		B13D8AA52501EE77006B9238 /* ExhibitsLocationAnnotation.swift */ = {isa = PBXFileReference; lastKnownFileType = sourcecode.swift; path = ExhibitsLocationAnnotation.swift; sourceTree = "<group>"; };
		B13D8AA72501EF58006B9238 /* ExhibitLocationHelper.swift */ = {isa = PBXFileReference; lastKnownFileType = sourcecode.swift; path = ExhibitLocationHelper.swift; sourceTree = "<group>"; };
		B13D8AAA25020DFC006B9238 /* HomeViewController.swift */ = {isa = PBXFileReference; lastKnownFileType = sourcecode.swift; path = HomeViewController.swift; sourceTree = "<group>"; };
		B13D8AAF25021A3F006B9238 /* FIT5140-assignment1.entitlements */ = {isa = PBXFileReference; lastKnownFileType = text.plist.entitlements; path = "FIT5140-assignment1.entitlements"; sourceTree = "<group>"; };
		B1437AFF2507025300E9BC0E /* ImageHelper.swift */ = {isa = PBXFileReference; lastKnownFileType = sourcecode.swift; path = ImageHelper.swift; sourceTree = "<group>"; };
		B1437B012507078700E9BC0E /* AllExhibitionTableViewController.swift */ = {isa = PBXFileReference; lastKnownFileType = sourcecode.swift; path = AllExhibitionTableViewController.swift; sourceTree = "<group>"; };
		B1437B0325070DFD00E9BC0E /* ExhibitionDetailViewController.swift */ = {isa = PBXFileReference; lastKnownFileType = sourcecode.swift; path = ExhibitionDetailViewController.swift; sourceTree = "<group>"; };
		B1437B0625070F1C00E9BC0E /* ExhibitionDataModel.xcdatamodel */ = {isa = PBXFileReference; lastKnownFileType = wrapper.xcdatamodel; path = ExhibitionDataModel.xcdatamodel; sourceTree = "<group>"; };
		B1437B08250710F600E9BC0E /* Exhibition+CoreDataClass.swift */ = {isa = PBXFileReference; lastKnownFileType = sourcecode.swift; path = "Exhibition+CoreDataClass.swift"; sourceTree = "<group>"; };
		B1437B09250710F600E9BC0E /* Exhibition+CoreDataProperties.swift */ = {isa = PBXFileReference; lastKnownFileType = sourcecode.swift; path = "Exhibition+CoreDataProperties.swift"; sourceTree = "<group>"; };
		B1437B0A250710F600E9BC0E /* Plant+CoreDataClass.swift */ = {isa = PBXFileReference; lastKnownFileType = sourcecode.swift; path = "Plant+CoreDataClass.swift"; sourceTree = "<group>"; };
		B1437B0B250710F600E9BC0E /* Plant+CoreDataProperties.swift */ = {isa = PBXFileReference; lastKnownFileType = sourcecode.swift; path = "Plant+CoreDataProperties.swift"; sourceTree = "<group>"; };
		B1437B102507123F00E9BC0E /* ExhibitionCoreDataController.swift */ = {isa = PBXFileReference; lastKnownFileType = sourcecode.swift; path = ExhibitionCoreDataController.swift; sourceTree = "<group>"; };
		B1437B12250741C500E9BC0E /* MulticastDelegate.swift */ = {isa = PBXFileReference; lastKnownFileType = sourcecode.swift; path = MulticastDelegate.swift; sourceTree = "<group>"; };
		B1437B142507565B00E9BC0E /* AddExhibitionViewController.swift */ = {isa = PBXFileReference; lastKnownFileType = sourcecode.swift; path = AddExhibitionViewController.swift; sourceTree = "<group>"; };
		B1437B172507577000E9BC0E /* ExhibitionListTableViewCell.swift */ = {isa = PBXFileReference; lastKnownFileType = sourcecode.swift; path = ExhibitionListTableViewCell.swift; sourceTree = "<group>"; };
		B146F2ED250F7DF200A3E332 /* AddPlantTableViewController.swift */ = {isa = PBXFileReference; lastKnownFileType = sourcecode.swift; path = AddPlantTableViewController.swift; sourceTree = "<group>"; };
		B146F2F0250F9BFF00A3E332 /* SearchPlantResponse.swift */ = {isa = PBXFileReference; lastKnownFileType = sourcecode.swift; path = SearchPlantResponse.swift; sourceTree = "<group>"; };
		B146F2F2250FB03D00A3E332 /* UIPlant.swift */ = {isa = PBXFileReference; lastKnownFileType = sourcecode.swift; path = UIPlant.swift; sourceTree = "<group>"; };
		B146F2F42510730900A3E332 /* EditPlantProtocol.swift */ = {isa = PBXFileReference; lastKnownFileType = sourcecode.swift; path = EditPlantProtocol.swift; sourceTree = "<group>"; };
		B146F2F625108F1C00A3E332 /* ImagePicker.swift */ = {isa = PBXFileReference; lastKnownFileType = sourcecode.swift; path = ImagePicker.swift; sourceTree = "<group>"; };
		B146F2F82510EE0600A3E332 /* MapViewHelpter.swift */ = {isa = PBXFileReference; lastKnownFileType = sourcecode.swift; path = MapViewHelpter.swift; sourceTree = "<group>"; };
		B1892A1124F7ABD800B55215 /* FIT5140-assignment1.app */ = {isa = PBXFileReference; explicitFileType = wrapper.application; includeInIndex = 0; path = "FIT5140-assignment1.app"; sourceTree = BUILT_PRODUCTS_DIR; };
		B1892A1424F7ABD800B55215 /* AppDelegate.swift */ = {isa = PBXFileReference; lastKnownFileType = sourcecode.swift; path = AppDelegate.swift; sourceTree = "<group>"; };
		B1892A1624F7ABD800B55215 /* SceneDelegate.swift */ = {isa = PBXFileReference; lastKnownFileType = sourcecode.swift; path = SceneDelegate.swift; sourceTree = "<group>"; };
		B1892A1B24F7ABD800B55215 /* Base */ = {isa = PBXFileReference; lastKnownFileType = file.storyboard; name = Base; path = Base.lproj/Main.storyboard; sourceTree = "<group>"; };
		B1892A1D24F7ABDB00B55215 /* Assets.xcassets */ = {isa = PBXFileReference; lastKnownFileType = folder.assetcatalog; path = Assets.xcassets; sourceTree = "<group>"; };
		B1892A2024F7ABDB00B55215 /* Base */ = {isa = PBXFileReference; lastKnownFileType = file.storyboard; name = Base; path = Base.lproj/LaunchScreen.storyboard; sourceTree = "<group>"; };
		B1892A2224F7ABDB00B55215 /* Info.plist */ = {isa = PBXFileReference; lastKnownFileType = text.plist.xml; path = Info.plist; sourceTree = "<group>"; };
		B1892A2A24F7ACDA00B55215 /* RestfulAPI.swift */ = {isa = PBXFileReference; lastKnownFileType = sourcecode.swift; path = RestfulAPI.swift; sourceTree = "<group>"; };
		B191CA9925135CD100418D32 /* UITextFieldHelper.swift */ = {isa = PBXFileReference; lastKnownFileType = sourcecode.swift; path = UITextFieldHelper.swift; sourceTree = "<group>"; };
		B191CA9C2513652F00418D32 /* ToastHelper.swift */ = {isa = PBXFileReference; lastKnownFileType = sourcecode.swift; path = ToastHelper.swift; sourceTree = "<group>"; };
		B191CAA025138B9800418D32 /* NotificationHelper.swift */ = {isa = PBXFileReference; lastKnownFileType = sourcecode.swift; path = NotificationHelper.swift; sourceTree = "<group>"; };
		B1AB5604250E47CD000833D7 /* EditPlantViewController.swift */ = {isa = PBXFileReference; lastKnownFileType = sourcecode.swift; path = EditPlantViewController.swift; sourceTree = "<group>"; };
		B1AB5608250E5FA3000833D7 /* AddExhibitionProtocol.swift */ = {isa = PBXFileReference; lastKnownFileType = sourcecode.swift; path = AddExhibitionProtocol.swift; sourceTree = "<group>"; };
		B1B89317250C9CDE008E4D6F /* ExhibitionDetailTableViewCell.swift */ = {isa = PBXFileReference; lastKnownFileType = sourcecode.swift; path = ExhibitionDetailTableViewCell.swift; sourceTree = "<group>"; };
		B1B89319250C9EB1008E4D6F /* ExhibitionPlantTableViewCell.swift */ = {isa = PBXFileReference; lastKnownFileType = sourcecode.swift; path = ExhibitionPlantTableViewCell.swift; sourceTree = "<group>"; };
		B1B8931B250CB028008E4D6F /* PlantDetailViewController.swift */ = {isa = PBXFileReference; lastKnownFileType = sourcecode.swift; path = PlantDetailViewController.swift; sourceTree = "<group>"; };
		B1B8931D250D0653008E4D6F /* ImageLoader.swift */ = {isa = PBXFileReference; lastKnownFileType = sourcecode.swift; path = ImageLoader.swift; sourceTree = "<group>"; };
		B1C44C922516259D008EE21D /* EditExhibitionViewController.swift */ = {isa = PBXFileReference; lastKnownFileType = sourcecode.swift; path = EditExhibitionViewController.swift; sourceTree = "<group>"; };
		B1C44C9525164FC7008EE21D /* EditExhibitionProtocol.swift */ = {isa = PBXFileReference; lastKnownFileType = sourcecode.swift; path = EditExhibitionProtocol.swift; sourceTree = "<group>"; };
		B1C44C982516533B008EE21D /* UIExhibition.swift */ = {isa = PBXFileReference; lastKnownFileType = sourcecode.swift; path = UIExhibition.swift; sourceTree = "<group>"; };
/* End PBXFileReference section */

/* Begin PBXFrameworksBuildPhase section */
		B1892A0E24F7ABD800B55215 /* Frameworks */ = {
			isa = PBXFrameworksBuildPhase;
			buildActionMask = 2147483647;
			files = (
			);
			runOnlyForDeploymentPostprocessing = 0;
		};
/* End PBXFrameworksBuildPhase section */

/* Begin PBXGroup section */
		B100769924F8D3B1002C4ACC /* RequestModel */ = {
			isa = PBXGroup;
			children = (
				B100769A24F8D3BE002C4ACC /* SearchPlantRequest.swift */,
			);
			path = RequestModel;
			sourceTree = "<group>";
		};
		B10076A124FB2894002C4ACC /* Database */ = {
			isa = PBXGroup;
			children = (
				B10076A424FB2908002C4ACC /* DataModel */,
				B10076A224FB28BE002C4ACC /* ExhibitionDatabaseProtocol.swift */,
				B1437B102507123F00E9BC0E /* ExhibitionCoreDataController.swift */,
				B1437B12250741C500E9BC0E /* MulticastDelegate.swift */,
			);
			path = Database;
			sourceTree = "<group>";
		};
		B10076A424FB2908002C4ACC /* DataModel */ = {
			isa = PBXGroup;
			children = (
				B1437B08250710F600E9BC0E /* Exhibition+CoreDataClass.swift */,
				B1437B09250710F600E9BC0E /* Exhibition+CoreDataProperties.swift */,
				B1437B0A250710F600E9BC0E /* Plant+CoreDataClass.swift */,
				B1437B0B250710F600E9BC0E /* Plant+CoreDataProperties.swift */,
				B1437B0525070F1C00E9BC0E /* ExhibitionDataModel.xcdatamodeld */,
			);
			path = DataModel;
			sourceTree = "<group>";
		};
		B13D8AA42501EE45006B9238 /* Maps */ = {
			isa = PBXGroup;
			children = (
				B13D8AA52501EE77006B9238 /* ExhibitsLocationAnnotation.swift */,
				B13D8AA72501EF58006B9238 /* ExhibitLocationHelper.swift */,
			);
			path = Maps;
			sourceTree = "<group>";
		};
		B13D8AA925020B4E006B9238 /* Controllers */ = {
			isa = PBXGroup;
			children = (
				B13D8AAA25020DFC006B9238 /* HomeViewController.swift */,
				B1437B012507078700E9BC0E /* AllExhibitionTableViewController.swift */,
				B1437B0325070DFD00E9BC0E /* ExhibitionDetailViewController.swift */,
				B1437B142507565B00E9BC0E /* AddExhibitionViewController.swift */,
				B1B8931B250CB028008E4D6F /* PlantDetailViewController.swift */,
				B1AB5604250E47CD000833D7 /* EditPlantViewController.swift */,
				B146F2ED250F7DF200A3E332 /* AddPlantTableViewController.swift */,
				B1C44C922516259D008EE21D /* EditExhibitionViewController.swift */,
			);
			path = Controllers;
			sourceTree = "<group>";
		};
		B1437AFE2507023F00E9BC0E /* Helpers */ = {
			isa = PBXGroup;
			children = (
				B1437AFF2507025300E9BC0E /* ImageHelper.swift */,
				B1B8931D250D0653008E4D6F /* ImageLoader.swift */,
				B146F2F625108F1C00A3E332 /* ImagePicker.swift */,
				B146F2F82510EE0600A3E332 /* MapViewHelpter.swift */,
				B101DC68251248CC00322303 /* AltertController.swift */,
				B191CA9925135CD100418D32 /* UITextFieldHelper.swift */,
				B191CA9C2513652F00418D32 /* ToastHelper.swift */,
				B191CAA025138B9800418D32 /* NotificationHelper.swift */,
			);
			path = Helpers;
			sourceTree = "<group>";
		};
		B1437B162507574300E9BC0E /* Cell */ = {
			isa = PBXGroup;
			children = (
				B1437B172507577000E9BC0E /* ExhibitionListTableViewCell.swift */,
				B1B89317250C9CDE008E4D6F /* ExhibitionDetailTableViewCell.swift */,
				B1B89319250C9EB1008E4D6F /* ExhibitionPlantTableViewCell.swift */,
				B101DC642512438700322303 /* SearchPlantTableViewCell.swift */,
			);
			path = Cell;
			sourceTree = "<group>";
		};
		B146F2EF250F9A7100A3E332 /* ResponseModel */ = {
			isa = PBXGroup;
			children = (
				B146F2F0250F9BFF00A3E332 /* SearchPlantResponse.swift */,
			);
			path = ResponseModel;
			sourceTree = "<group>";
		};
		B1892A0824F7ABD800B55215 = {
			isa = PBXGroup;
			children = (
				B1892A1324F7ABD800B55215 /* FIT5140-assignment1 */,
				B1892A1224F7ABD800B55215 /* Products */,
			);
			sourceTree = "<group>";
		};
		B1892A1224F7ABD800B55215 /* Products */ = {
			isa = PBXGroup;
			children = (
				B1892A1124F7ABD800B55215 /* FIT5140-assignment1.app */,
			);
			name = Products;
			sourceTree = "<group>";
		};
		B1892A1324F7ABD800B55215 /* FIT5140-assignment1 */ = {
			isa = PBXGroup;
			children = (
				B1AB5607250E5F95000833D7 /* Protocols */,
				B1437B162507574300E9BC0E /* Cell */,
				B1437AFE2507023F00E9BC0E /* Helpers */,
				B13D8AAF25021A3F006B9238 /* FIT5140-assignment1.entitlements */,
				B13D8AA925020B4E006B9238 /* Controllers */,
				B13D8AA42501EE45006B9238 /* Maps */,
				B10076A124FB2894002C4ACC /* Database */,
				B1892A2824F7AC0200B55215 /* Network */,
				B1892A1424F7ABD800B55215 /* AppDelegate.swift */,
				B1892A1624F7ABD800B55215 /* SceneDelegate.swift */,
				B1892A1A24F7ABD800B55215 /* Main.storyboard */,
				B1892A1D24F7ABDB00B55215 /* Assets.xcassets */,
				B1892A1F24F7ABDB00B55215 /* LaunchScreen.storyboard */,
				B1892A2224F7ABDB00B55215 /* Info.plist */,
			);
			path = "FIT5140-assignment1";
			sourceTree = "<group>";
		};
		B1892A2824F7AC0200B55215 /* Network */ = {
			isa = PBXGroup;
			children = (
				B146F2EF250F9A7100A3E332 /* ResponseModel */,
				B100769924F8D3B1002C4ACC /* RequestModel */,
				B1892A2924F7AC6E00B55215 /* Protocols */,
				B100769524F8C9A3002C4ACC /* NetworkRequestTask.swift */,
				B100769724F8CA17002C4ACC /* RequestHelper.swift */,
				B100769C24F8D4D0002C4ACC /* NetworkExtension.swift */,
			);
			path = Network;
			sourceTree = "<group>";
		};
		B1892A2924F7AC6E00B55215 /* Protocols */ = {
			isa = PBXGroup;
			children = (
				B1892A2A24F7ACDA00B55215 /* RestfulAPI.swift */,
			);
			path = Protocols;
			sourceTree = "<group>";
		};
		B1AB5607250E5F95000833D7 /* Protocols */ = {
			isa = PBXGroup;
			children = (
				B1AB5608250E5FA3000833D7 /* AddExhibitionProtocol.swift */,
				B146F2F2250FB03D00A3E332 /* UIPlant.swift */,
				B146F2F42510730900A3E332 /* EditPlantProtocol.swift */,
				B101DC6A25124C3600322303 /* ExhibitionSelectedProtocol.swift */,
				B1C44C9525164FC7008EE21D /* EditExhibitionProtocol.swift */,
				B1C44C982516533B008EE21D /* UIExhibition.swift */,
			);
			path = Protocols;
			sourceTree = "<group>";
		};
/* End PBXGroup section */

/* Begin PBXNativeTarget section */
		B1892A1024F7ABD800B55215 /* FIT5140-assignment1 */ = {
			isa = PBXNativeTarget;
			buildConfigurationList = B1892A2524F7ABDB00B55215 /* Build configuration list for PBXNativeTarget "FIT5140-assignment1" */;
			buildPhases = (
				B1892A0D24F7ABD800B55215 /* Sources */,
				B1892A0E24F7ABD800B55215 /* Frameworks */,
				B1892A0F24F7ABD800B55215 /* Resources */,
			);
			buildRules = (
			);
			dependencies = (
			);
			name = "FIT5140-assignment1";
			productName = "FIT5140-assignment1";
			productReference = B1892A1124F7ABD800B55215 /* FIT5140-assignment1.app */;
			productType = "com.apple.product-type.application";
		};
/* End PBXNativeTarget section */

/* Begin PBXProject section */
		B1892A0924F7ABD800B55215 /* Project object */ = {
			isa = PBXProject;
			attributes = {
				LastSwiftUpdateCheck = 1160;
				LastUpgradeCheck = 1160;
				ORGANIZATIONNAME = sunkai;
				TargetAttributes = {
					B1892A1024F7ABD800B55215 = {
						CreatedOnToolsVersion = 11.6;
					};
				};
			};
			buildConfigurationList = B1892A0C24F7ABD800B55215 /* Build configuration list for PBXProject "FIT5140-assignment1" */;
			compatibilityVersion = "Xcode 9.3";
			developmentRegion = en;
			hasScannedForEncodings = 0;
			knownRegions = (
				en,
				Base,
			);
			mainGroup = B1892A0824F7ABD800B55215;
			productRefGroup = B1892A1224F7ABD800B55215 /* Products */;
			projectDirPath = "";
			projectRoot = "";
			targets = (
				B1892A1024F7ABD800B55215 /* FIT5140-assignment1 */,
			);
		};
/* End PBXProject section */

/* Begin PBXResourcesBuildPhase section */
		B1892A0F24F7ABD800B55215 /* Resources */ = {
			isa = PBXResourcesBuildPhase;
			buildActionMask = 2147483647;
			files = (
				B1892A2124F7ABDB00B55215 /* LaunchScreen.storyboard in Resources */,
				B1892A1E24F7ABDB00B55215 /* Assets.xcassets in Resources */,
				B1892A1C24F7ABD800B55215 /* Main.storyboard in Resources */,
			);
			runOnlyForDeploymentPostprocessing = 0;
		};
/* End PBXResourcesBuildPhase section */

/* Begin PBXSourcesBuildPhase section */
		B1892A0D24F7ABD800B55215 /* Sources */ = {
			isa = PBXSourcesBuildPhase;
			buildActionMask = 2147483647;
			files = (
				B146F2EE250F7DF200A3E332 /* AddPlantTableViewController.swift in Sources */,
				B101DC652512438700322303 /* SearchPlantTableViewCell.swift in Sources */,
				B1B8931A250C9EB1008E4D6F /* ExhibitionPlantTableViewCell.swift in Sources */,
				B1892A1524F7ABD800B55215 /* AppDelegate.swift in Sources */,
				B146F2F725108F1C00A3E332 /* ImagePicker.swift in Sources */,
				B100769D24F8D4D0002C4ACC /* NetworkExtension.swift in Sources */,
				B10076A324FB28BF002C4ACC /* ExhibitionDatabaseProtocol.swift in Sources */,
				B191CA9D2513652F00418D32 /* ToastHelper.swift in Sources */,
				B1892A2B24F7ACDA00B55215 /* RestfulAPI.swift in Sources */,
				B1C44C9625164FC7008EE21D /* EditExhibitionProtocol.swift in Sources */,
				B1AB5609250E5FA3000833D7 /* AddExhibitionProtocol.swift in Sources */,
				B100769624F8C9A3002C4ACC /* NetworkRequestTask.swift in Sources */,
				B1437B0425070DFD00E9BC0E /* ExhibitionDetailViewController.swift in Sources */,
				B1437B112507123F00E9BC0E /* ExhibitionCoreDataController.swift in Sources */,
				B1AB5605250E47CD000833D7 /* EditPlantViewController.swift in Sources */,
				B1437B0C250710F600E9BC0E /* Exhibition+CoreDataClass.swift in Sources */,
				B146F2F92510EE0600A3E332 /* MapViewHelpter.swift in Sources */,
				B1437B152507565B00E9BC0E /* AddExhibitionViewController.swift in Sources */,
				B1437B182507577000E9BC0E /* ExhibitionListTableViewCell.swift in Sources */,
				B100769B24F8D3BE002C4ACC /* SearchPlantRequest.swift in Sources */,
				B1437B022507078700E9BC0E /* AllExhibitionTableViewController.swift in Sources */,
				B191CA9A25135CD100418D32 /* UITextFieldHelper.swift in Sources */,
				B1C44C992516533B008EE21D /* UIExhibition.swift in Sources */,
				B1B8931E250D0653008E4D6F /* ImageLoader.swift in Sources */,
				B1B8931C250CB028008E4D6F /* PlantDetailViewController.swift in Sources */,
				B13D8AA82501EF58006B9238 /* ExhibitLocationHelper.swift in Sources */,
				B1437B002507025300E9BC0E /* ImageHelper.swift in Sources */,
				B1437B0D250710F600E9BC0E /* Exhibition+CoreDataProperties.swift in Sources */,
				B1892A1724F7ABD800B55215 /* SceneDelegate.swift in Sources */,
				B1437B0725070F1C00E9BC0E /* ExhibitionDataModel.xcdatamodeld in Sources */,
				B101DC6B25124C3600322303 /* ExhibitionSelectedProtocol.swift in Sources */,
				B1C44C932516259D008EE21D /* EditExhibitionViewController.swift in Sources */,
				B146F2F1250F9BFF00A3E332 /* SearchPlantResponse.swift in Sources */,
				B1437B0F250710F600E9BC0E /* Plant+CoreDataProperties.swift in Sources */,
				B13D8AA62501EE77006B9238 /* ExhibitsLocationAnnotation.swift in Sources */,
				B1B89318250C9CDE008E4D6F /* ExhibitionDetailTableViewCell.swift in Sources */,
				B100769824F8CA17002C4ACC /* RequestHelper.swift in Sources */,
				B146F2F52510730900A3E332 /* EditPlantProtocol.swift in Sources */,
				B1437B13250741C500E9BC0E /* MulticastDelegate.swift in Sources */,
				B1437B0E250710F600E9BC0E /* Plant+CoreDataClass.swift in Sources */,
				B13D8AAB25020DFC006B9238 /* HomeViewController.swift in Sources */,
				B146F2F3250FB03D00A3E332 /* UIPlant.swift in Sources */,
				B191CAA125138B9800418D32 /* NotificationHelper.swift in Sources */,
				B101DC69251248CC00322303 /* AltertController.swift in Sources */,
			);
			runOnlyForDeploymentPostprocessing = 0;
		};
/* End PBXSourcesBuildPhase section */

/* Begin PBXVariantGroup section */
		B1892A1A24F7ABD800B55215 /* Main.storyboard */ = {
			isa = PBXVariantGroup;
			children = (
				B1892A1B24F7ABD800B55215 /* Base */,
			);
			name = Main.storyboard;
			sourceTree = "<group>";
		};
		B1892A1F24F7ABDB00B55215 /* LaunchScreen.storyboard */ = {
			isa = PBXVariantGroup;
			children = (
				B1892A2024F7ABDB00B55215 /* Base */,
			);
			name = LaunchScreen.storyboard;
			sourceTree = "<group>";
		};
/* End PBXVariantGroup section */

/* Begin XCBuildConfiguration section */
		B1892A2324F7ABDB00B55215 /* Debug */ = {
			isa = XCBuildConfiguration;
			buildSettings = {
				ALWAYS_SEARCH_USER_PATHS = NO;
				CLANG_ANALYZER_NONNULL = YES;
				CLANG_ANALYZER_NUMBER_OBJECT_CONVERSION = YES_AGGRESSIVE;
				CLANG_CXX_LANGUAGE_STANDARD = "gnu++14";
				CLANG_CXX_LIBRARY = "libc++";
				CLANG_ENABLE_MODULES = YES;
				CLANG_ENABLE_OBJC_ARC = YES;
				CLANG_ENABLE_OBJC_WEAK = YES;
				CLANG_WARN_BLOCK_CAPTURE_AUTORELEASING = YES;
				CLANG_WARN_BOOL_CONVERSION = YES;
				CLANG_WARN_COMMA = YES;
				CLANG_WARN_CONSTANT_CONVERSION = YES;
				CLANG_WARN_DEPRECATED_OBJC_IMPLEMENTATIONS = YES;
				CLANG_WARN_DIRECT_OBJC_ISA_USAGE = YES_ERROR;
				CLANG_WARN_DOCUMENTATION_COMMENTS = YES;
				CLANG_WARN_EMPTY_BODY = YES;
				CLANG_WARN_ENUM_CONVERSION = YES;
				CLANG_WARN_INFINITE_RECURSION = YES;
				CLANG_WARN_INT_CONVERSION = YES;
				CLANG_WARN_NON_LITERAL_NULL_CONVERSION = YES;
				CLANG_WARN_OBJC_IMPLICIT_RETAIN_SELF = YES;
				CLANG_WARN_OBJC_LITERAL_CONVERSION = YES;
				CLANG_WARN_OBJC_ROOT_CLASS = YES_ERROR;
				CLANG_WARN_RANGE_LOOP_ANALYSIS = YES;
				CLANG_WARN_STRICT_PROTOTYPES = YES;
				CLANG_WARN_SUSPICIOUS_MOVE = YES;
				CLANG_WARN_UNGUARDED_AVAILABILITY = YES_AGGRESSIVE;
				CLANG_WARN_UNREACHABLE_CODE = YES;
				CLANG_WARN__DUPLICATE_METHOD_MATCH = YES;
				COPY_PHASE_STRIP = NO;
				DEBUG_INFORMATION_FORMAT = dwarf;
				ENABLE_STRICT_OBJC_MSGSEND = YES;
				ENABLE_TESTABILITY = YES;
				GCC_C_LANGUAGE_STANDARD = gnu11;
				GCC_DYNAMIC_NO_PIC = NO;
				GCC_NO_COMMON_BLOCKS = YES;
				GCC_OPTIMIZATION_LEVEL = 0;
				GCC_PREPROCESSOR_DEFINITIONS = (
					"DEBUG=1",
					"$(inherited)",
				);
				GCC_WARN_64_TO_32_BIT_CONVERSION = YES;
				GCC_WARN_ABOUT_RETURN_TYPE = YES_ERROR;
				GCC_WARN_UNDECLARED_SELECTOR = YES;
				GCC_WARN_UNINITIALIZED_AUTOS = YES_AGGRESSIVE;
				GCC_WARN_UNUSED_FUNCTION = YES;
				GCC_WARN_UNUSED_VARIABLE = YES;
				IPHONEOS_DEPLOYMENT_TARGET = 13.6;
				MTL_ENABLE_DEBUG_INFO = INCLUDE_SOURCE;
				MTL_FAST_MATH = YES;
				ONLY_ACTIVE_ARCH = YES;
				SDKROOT = iphoneos;
				SWIFT_ACTIVE_COMPILATION_CONDITIONS = DEBUG;
				SWIFT_OPTIMIZATION_LEVEL = "-Onone";
			};
			name = Debug;
		};
		B1892A2424F7ABDB00B55215 /* Release */ = {
			isa = XCBuildConfiguration;
			buildSettings = {
				ALWAYS_SEARCH_USER_PATHS = NO;
				CLANG_ANALYZER_NONNULL = YES;
				CLANG_ANALYZER_NUMBER_OBJECT_CONVERSION = YES_AGGRESSIVE;
				CLANG_CXX_LANGUAGE_STANDARD = "gnu++14";
				CLANG_CXX_LIBRARY = "libc++";
				CLANG_ENABLE_MODULES = YES;
				CLANG_ENABLE_OBJC_ARC = YES;
				CLANG_ENABLE_OBJC_WEAK = YES;
				CLANG_WARN_BLOCK_CAPTURE_AUTORELEASING = YES;
				CLANG_WARN_BOOL_CONVERSION = YES;
				CLANG_WARN_COMMA = YES;
				CLANG_WARN_CONSTANT_CONVERSION = YES;
				CLANG_WARN_DEPRECATED_OBJC_IMPLEMENTATIONS = YES;
				CLANG_WARN_DIRECT_OBJC_ISA_USAGE = YES_ERROR;
				CLANG_WARN_DOCUMENTATION_COMMENTS = YES;
				CLANG_WARN_EMPTY_BODY = YES;
				CLANG_WARN_ENUM_CONVERSION = YES;
				CLANG_WARN_INFINITE_RECURSION = YES;
				CLANG_WARN_INT_CONVERSION = YES;
				CLANG_WARN_NON_LITERAL_NULL_CONVERSION = YES;
				CLANG_WARN_OBJC_IMPLICIT_RETAIN_SELF = YES;
				CLANG_WARN_OBJC_LITERAL_CONVERSION = YES;
				CLANG_WARN_OBJC_ROOT_CLASS = YES_ERROR;
				CLANG_WARN_RANGE_LOOP_ANALYSIS = YES;
				CLANG_WARN_STRICT_PROTOTYPES = YES;
				CLANG_WARN_SUSPICIOUS_MOVE = YES;
				CLANG_WARN_UNGUARDED_AVAILABILITY = YES_AGGRESSIVE;
				CLANG_WARN_UNREACHABLE_CODE = YES;
				CLANG_WARN__DUPLICATE_METHOD_MATCH = YES;
				COPY_PHASE_STRIP = NO;
				DEBUG_INFORMATION_FORMAT = "dwarf-with-dsym";
				ENABLE_NS_ASSERTIONS = NO;
				ENABLE_STRICT_OBJC_MSGSEND = YES;
				GCC_C_LANGUAGE_STANDARD = gnu11;
				GCC_NO_COMMON_BLOCKS = YES;
				GCC_WARN_64_TO_32_BIT_CONVERSION = YES;
				GCC_WARN_ABOUT_RETURN_TYPE = YES_ERROR;
				GCC_WARN_UNDECLARED_SELECTOR = YES;
				GCC_WARN_UNINITIALIZED_AUTOS = YES_AGGRESSIVE;
				GCC_WARN_UNUSED_FUNCTION = YES;
				GCC_WARN_UNUSED_VARIABLE = YES;
				IPHONEOS_DEPLOYMENT_TARGET = 13.6;
				MTL_ENABLE_DEBUG_INFO = NO;
				MTL_FAST_MATH = YES;
				SDKROOT = iphoneos;
				SWIFT_COMPILATION_MODE = wholemodule;
				SWIFT_OPTIMIZATION_LEVEL = "-O";
				VALIDATE_PRODUCT = YES;
			};
			name = Release;
		};
		B1892A2624F7ABDB00B55215 /* Debug */ = {
			isa = XCBuildConfiguration;
			buildSettings = {
				ASSETCATALOG_COMPILER_APPICON_NAME = AppIcon;
				CODE_SIGN_ENTITLEMENTS = "FIT5140-assignment1/FIT5140-assignment1.entitlements";
				CODE_SIGN_STYLE = Automatic;
				CURRENT_PROJECT_VERSION = 1;
				DEVELOPMENT_TEAM = YNQ45Z475P;
				INFOPLIST_FILE = "FIT5140-assignment1/Info.plist";
				LD_RUNPATH_SEARCH_PATHS = (
					"$(inherited)",
					"@executable_path/Frameworks",
				);
				MARKETING_VERSION = 1.0;
				PRODUCT_BUNDLE_IDENTIFIER = "com.datong.FIT5140-assignment1";
				PRODUCT_NAME = "$(TARGET_NAME)";
				SUPPORTS_MACCATALYST = YES;
				SWIFT_VERSION = 5.0;
				TARGETED_DEVICE_FAMILY = "1,2";
			};
			name = Debug;
		};
		B1892A2724F7ABDB00B55215 /* Release */ = {
			isa = XCBuildConfiguration;
			buildSettings = {
				ASSETCATALOG_COMPILER_APPICON_NAME = AppIcon;
				CODE_SIGN_ENTITLEMENTS = "FIT5140-assignment1/FIT5140-assignment1.entitlements";
				CODE_SIGN_STYLE = Automatic;
				CURRENT_PROJECT_VERSION = 1;
				DEVELOPMENT_TEAM = YNQ45Z475P;
				INFOPLIST_FILE = "FIT5140-assignment1/Info.plist";
				LD_RUNPATH_SEARCH_PATHS = (
					"$(inherited)",
					"@executable_path/Frameworks",
				);
				MARKETING_VERSION = 1.0;
				PRODUCT_BUNDLE_IDENTIFIER = "com.datong.FIT5140-assignment1";
				PRODUCT_NAME = "$(TARGET_NAME)";
				SUPPORTS_MACCATALYST = YES;
				SWIFT_VERSION = 5.0;
				TARGETED_DEVICE_FAMILY = "1,2";
			};
			name = Release;
		};
/* End XCBuildConfiguration section */

/* Begin XCConfigurationList section */
		B1892A0C24F7ABD800B55215 /* Build configuration list for PBXProject "FIT5140-assignment1" */ = {
			isa = XCConfigurationList;
			buildConfigurations = (
				B1892A2324F7ABDB00B55215 /* Debug */,
				B1892A2424F7ABDB00B55215 /* Release */,
			);
			defaultConfigurationIsVisible = 0;
			defaultConfigurationName = Release;
		};
		B1892A2524F7ABDB00B55215 /* Build configuration list for PBXNativeTarget "FIT5140-assignment1" */ = {
			isa = XCConfigurationList;
			buildConfigurations = (
				B1892A2624F7ABDB00B55215 /* Debug */,
				B1892A2724F7ABDB00B55215 /* Release */,
			);
			defaultConfigurationIsVisible = 0;
			defaultConfigurationName = Release;
		};
/* End XCConfigurationList section */

/* Begin XCVersionGroup section */
		B1437B0525070F1C00E9BC0E /* ExhibitionDataModel.xcdatamodeld */ = {
			isa = XCVersionGroup;
			children = (
				B1437B0625070F1C00E9BC0E /* ExhibitionDataModel.xcdatamodel */,
			);
			currentVersion = B1437B0625070F1C00E9BC0E /* ExhibitionDataModel.xcdatamodel */;
			path = ExhibitionDataModel.xcdatamodeld;
			sourceTree = "<group>";
			versionGroupType = wrapper.xcdatamodel;
		};
/* End XCVersionGroup section */
	};
	rootObject = B1892A0924F7ABD800B55215 /* Project object */;
}
